github.com/rebelice/antlr/v4 v4.0.0-20230817091854-1e7e27534250 h1:X+ce/29aB8pzfe3l33VA2G1gsRG+BUSrUvSyTsuSMH4=
github.com/rebelice/antlr/v4 v4.0.0-20230817091854-1e7e27534250/go.mod h1:pfChB/xh/Unjila75QW7+VU4TSnWnnk9UTnmpPaOR2g=
golang.org/x/exp v0.0.0-20230515195305-f3d0a9c9a5cc h1:mCRnTeVUjcrhlRmO0VK8a6k6Rrf6TF9htwo2pJVSjIU=
golang.org/x/exp v0.0.0-20230515195305-f3d0a9c9a5cc/go.mod h1:V1LtkGg67GoY2N1AnLN78QLrzxkLyJw7RJb1gzOOz9w=
